
Microsoft Visual Studio Solution File, Format Version 12.00
# Visual Studio Version 17
VisualStudioVersion = 17.12.35527.113
MinimumVisualStudioVersion = 10.0.40219.1
Project("{FAE04EC0-301F-11D3-BF4B-00C04F79EFBC}") = "SpacyTokenizerSdk", "SpacyTokenizerSdk\SpacyTokenizerSdk.csproj", "{82C1D9D3-08F2-4A0B-A49C-80691DEA2AFC}"
EndProject
Project("{FAE04EC0-301F-11D3-BF4B-00C04F79EFBC}") = "Test", "Test\Test.csproj", "{97CB5367-82BB-4061-A08B-A5D88C822F4A}"
EndProject
Project("{FAE04EC0-301F-11D3-BF4B-00C04F79EFBC}") = "Test.Shared", "Test.Shared\Test.Shared.csproj", "{922E51BC-9910-4188-9FB2-9B39C695344F}"
EndProject
Project("{FAE04EC0-301F-11D3-BF4B-00C04F79EFBC}") = "Test.Automated", "Test.Automated\Test.Automated.csproj", "{18776CE5-956D-4A0D-8CFA-05B981E4FD17}"
EndProject
Project("{FAE04EC0-301F-11D3-BF4B-00C04F79EFBC}") = "Test.Xunit", "Test.Xunit\Test.Xunit.csproj", "{70CC1071-8698-48E1-B263-6E40554511F4}"
EndProject
Project("{FAE04EC0-301F-11D3-BF4B-00C04F79EFBC}") = "Test.Nunit", "Test.Nunit\Test.Nunit.csproj", "{9A78718F-804F-49AC-A8A2-DD31BC4B333D}"
EndProject
Global
	GlobalSection(SolutionConfigurationPlatforms) = preSolution
		Debug|Any CPU = Debug|Any CPU
		Debug|x64 = Debug|x64
		Debug|x86 = Debug|x86
		Release|Any CPU = Release|Any CPU
		Release|x64 = Release|x64
		Release|x86 = Release|x86
	EndGlobalSection
	GlobalSection(ProjectConfigurationPlatforms) = postSolution
		{82C1D9D3-08F2-4A0B-A49C-80691DEA2AFC}.Debug|Any CPU.ActiveCfg = Debug|Any CPU
		{82C1D9D3-08F2-4A0B-A49C-80691DEA2AFC}.Debug|Any CPU.Build.0 = Debug|Any CPU
		{82C1D9D3-08F2-4A0B-A49C-80691DEA2AFC}.Debug|x64.ActiveCfg = Debug|Any CPU
		{82C1D9D3-08F2-4A0B-A49C-80691DEA2AFC}.Debug|x64.Build.0 = Debug|Any CPU
		{82C1D9D3-08F2-4A0B-A49C-80691DEA2AFC}.Debug|x86.ActiveCfg = Debug|Any CPU
		{82C1D9D3-08F2-4A0B-A49C-80691DEA2AFC}.Debug|x86.Build.0 = Debug|Any CPU
		{82C1D9D3-08F2-4A0B-A49C-80691DEA2AFC}.Release|Any CPU.ActiveCfg = Release|Any CPU
		{82C1D9D3-08F2-4A0B-A49C-80691DEA2AFC}.Release|Any CPU.Build.0 = Release|Any CPU
		{82C1D9D3-08F2-4A0B-A49C-80691DEA2AFC}.Release|x64.ActiveCfg = Release|Any CPU
		{82C1D9D3-08F2-4A0B-A49C-80691DEA2AFC}.Release|x64.Build.0 = Release|Any CPU
		{82C1D9D3-08F2-4A0B-A49C-80691DEA2AFC}.Release|x86.ActiveCfg = Release|Any CPU
		{82C1D9D3-08F2-4A0B-A49C-80691DEA2AFC}.Release|x86.Build.0 = Release|Any CPU
		{97CB5367-82BB-4061-A08B-A5D88C822F4A}.Debug|Any CPU.ActiveCfg = Debug|Any CPU
		{97CB5367-82BB-4061-A08B-A5D88C822F4A}.Debug|Any CPU.Build.0 = Debug|Any CPU
		{97CB5367-82BB-4061-A08B-A5D88C822F4A}.Debug|x64.ActiveCfg = Debug|Any CPU
		{97CB5367-82BB-4061-A08B-A5D88C822F4A}.Debug|x64.Build.0 = Debug|Any CPU
		{97CB5367-82BB-4061-A08B-A5D88C822F4A}.Debug|x86.ActiveCfg = Debug|Any CPU
		{97CB5367-82BB-4061-A08B-A5D88C822F4A}.Debug|x86.Build.0 = Debug|Any CPU
		{97CB5367-82BB-4061-A08B-A5D88C822F4A}.Release|Any CPU.ActiveCfg = Release|Any CPU
		{97CB5367-82BB-4061-A08B-A5D88C822F4A}.Release|Any CPU.Build.0 = Release|Any CPU
		{97CB5367-82BB-4061-A08B-A5D88C822F4A}.Release|x64.ActiveCfg = Release|Any CPU
		{97CB5367-82BB-4061-A08B-A5D88C822F4A}.Release|x64.Build.0 = Release|Any CPU
		{97CB5367-82BB-4061-A08B-A5D88C822F4A}.Release|x86.ActiveCfg = Release|Any CPU
		{97CB5367-82BB-4061-A08B-A5D88C822F4A}.Release|x86.Build.0 = Release|Any CPU
		{922E51BC-9910-4188-9FB2-9B39C695344F}.Debug|Any CPU.ActiveCfg = Debug|Any CPU
		{922E51BC-9910-4188-9FB2-9B39C695344F}.Debug|Any CPU.Build.0 = Debug|Any CPU
		{922E51BC-9910-4188-9FB2-9B39C695344F}.Debug|x64.ActiveCfg = Debug|Any CPU
		{922E51BC-9910-4188-9FB2-9B39C695344F}.Debug|x64.Build.0 = Debug|Any CPU
		{922E51BC-9910-4188-9FB2-9B39C695344F}.Debug|x86.ActiveCfg = Debug|Any CPU
		{922E51BC-9910-4188-9FB2-9B39C695344F}.Debug|x86.Build.0 = Debug|Any CPU
		{922E51BC-9910-4188-9FB2-9B39C695344F}.Release|Any CPU.ActiveCfg = Release|Any CPU
		{922E51BC-9910-4188-9FB2-9B39C695344F}.Release|Any CPU.Build.0 = Release|Any CPU
		{922E51BC-9910-4188-9FB2-9B39C695344F}.Release|x64.ActiveCfg = Release|Any CPU
		{922E51BC-9910-4188-9FB2-9B39C695344F}.Release|x64.Build.0 = Release|Any CPU
		{922E51BC-9910-4188-9FB2-9B39C695344F}.Release|x86.ActiveCfg = Release|Any CPU
		{922E51BC-9910-4188-9FB2-9B39C695344F}.Release|x86.Build.0 = Release|Any CPU
		{18776CE5-956D-4A0D-8CFA-05B981E4FD17}.Debug|Any CPU.ActiveCfg = Debug|Any CPU
		{18776CE5-956D-4A0D-8CFA-05B981E4FD17}.Debug|Any CPU.Build.0 = Debug|Any CPU
		{18776CE5-956D-4A0D-8CFA-05B981E4FD17}.Debug|x64.ActiveCfg = Debug|Any CPU
		{18776CE5-956D-4A0D-8CFA-05B981E4FD17}.Debug|x64.Build.0 = Debug|Any CPU
		{18776CE5-956D-4A0D-8CFA-05B981E4FD17}.Debug|x86.ActiveCfg = Debug|Any CPU
		{18776CE5-956D-4A0D-8CFA-05B981E4FD17}.Debug|x86.Build.0 = Debug|Any CPU
		{18776CE5-956D-4A0D-8CFA-05B981E4FD17}.Release|Any CPU.ActiveCfg = Release|Any CPU
		{18776CE5-956D-4A0D-8CFA-05B981E4FD17}.Release|Any CPU.Build.0 = Release|Any CPU
		{18776CE5-956D-4A0D-8CFA-05B981E4FD17}.Release|x64.ActiveCfg = Release|Any CPU
		{18776CE5-956D-4A0D-8CFA-05B981E4FD17}.Release|x64.Build.0 = Release|Any CPU
		{18776CE5-956D-4A0D-8CFA-05B981E4FD17}.Release|x86.ActiveCfg = Release|Any CPU
		{18776CE5-956D-4A0D-8CFA-05B981E4FD17}.Release|x86.Build.0 = Release|Any CPU
		{70CC1071-8698-48E1-B263-6E40554511F4}.Debug|Any CPU.ActiveCfg = Debug|Any CPU
		{70CC1071-8698-48E1-B263-6E40554511F4}.Debug|Any CPU.Build.0 = Debug|Any CPU
		{70CC1071-8698-48E1-B263-6E40554511F4}.Debug|x64.ActiveCfg = Debug|Any CPU
		{70CC1071-8698-48E1-B263-6E40554511F4}.Debug|x64.Build.0 = Debug|Any CPU
		{70CC1071-8698-48E1-B263-6E40554511F4}.Debug|x86.ActiveCfg = Debug|Any CPU
		{70CC1071-8698-48E1-B263-6E40554511F4}.Debug|x86.Build.0 = Debug|Any CPU
		{70CC1071-8698-48E1-B263-6E40554511F4}.Release|Any CPU.ActiveCfg = Release|Any CPU
		{70CC1071-8698-48E1-B263-6E40554511F4}.Release|Any CPU.Build.0 = Release|Any CPU
		{70CC1071-8698-48E1-B263-6E40554511F4}.Release|x64.ActiveCfg = Release|Any CPU
		{70CC1071-8698-48E1-B263-6E40554511F4}.Release|x64.Build.0 = Release|Any CPU
		{70CC1071-8698-48E1-B263-6E40554511F4}.Release|x86.ActiveCfg = Release|Any CPU
		{70CC1071-8698-48E1-B263-6E40554511F4}.Release|x86.Build.0 = Release|Any CPU
		{9A78718F-804F-49AC-A8A2-DD31BC4B333D}.Debug|Any CPU.ActiveCfg = Debug|Any CPU
		{9A78718F-804F-49AC-A8A2-DD31BC4B333D}.Debug|Any CPU.Build.0 = Debug|Any CPU
		{9A78718F-804F-49AC-A8A2-DD31BC4B333D}.Debug|x64.ActiveCfg = Debug|Any CPU
		{9A78718F-804F-49AC-A8A2-DD31BC4B333D}.Debug|x64.Build.0 = Debug|Any CPU
		{9A78718F-804F-49AC-A8A2-DD31BC4B333D}.Debug|x86.ActiveCfg = Debug|Any CPU
		{9A78718F-804F-49AC-A8A2-DD31BC4B333D}.Debug|x86.Build.0 = Debug|Any CPU
		{9A78718F-804F-49AC-A8A2-DD31BC4B333D}.Release|Any CPU.ActiveCfg = Release|Any CPU
		{9A78718F-804F-49AC-A8A2-DD31BC4B333D}.Release|Any CPU.Build.0 = Release|Any CPU
		{9A78718F-804F-49AC-A8A2-DD31BC4B333D}.Release|x64.ActiveCfg = Release|Any CPU
		{9A78718F-804F-49AC-A8A2-DD31BC4B333D}.Release|x64.Build.0 = Release|Any CPU
		{9A78718F-804F-49AC-A8A2-DD31BC4B333D}.Release|x86.ActiveCfg = Release|Any CPU
		{9A78718F-804F-49AC-A8A2-DD31BC4B333D}.Release|x86.Build.0 = Release|Any CPU
	EndGlobalSection
	GlobalSection(SolutionProperties) = preSolution
		HideSolutionNode = FALSE
	EndGlobalSection
EndGlobal
